
Microsoft Visual Studio Solution File, Format Version 12.00
# Visual Studio Version 16
VisualStudioVersion = 16.0.30907.101
MinimumVisualStudioVersion = 10.0.40219.1
Project("{FAE04EC0-301F-11D3-BF4B-00C04F79EFBC}") = "CustomerGreeter", "CustomerGreeter\CustomerGreeter.csproj", "{AD70EA57-968E-4F1E-A5A8-9B90F474A79E}"
EndProject
Global
	GlobalSection(SolutionConfigurationPlatforms) = preSolution
		Debug|Any CPU = Debug|Any CPU
		Release|Any CPU = Release|Any CPU
	EndGlobalSection
	GlobalSection(ProjectConfigurationPlatforms) = postSolution
		{AD70EA57-968E-4F1E-A5A8-9B90F474A79E}.Debug|Any CPU.ActiveCfg = Debug|Any CPU
		{AD70EA57-968E-4F1E-A5A8-9B90F474A79E}.Debug|Any CPU.Build.0 = Debug|Any CPU
		{AD70EA57-968E-4F1E-A5A8-9B90F474A79E}.Release|Any CPU.ActiveCfg = Release|Any CPU
		{AD70EA57-968E-4F1E-A5A8-9B90F474A79E}.Release|Any CPU.Build.0 = Release|Any CPU
	EndGlobalSection
	GlobalSection(SolutionProperties) = preSolution
		HideSolutionNode = FALSE
	EndGlobalSection
	GlobalSection(ExtensibilityGlobals) = postSolution
		SolutionGuid = {AE55DB26-9936-4315-9039-D99599D48378}
	EndGlobalSection
EndGlobal
